{
  "version": 1,
  "dependencies": {
    ".NETStandard,Version=v2.0": {
      "NETStandard.Library": {
        "type": "Direct",
        "requested": "[2.0.3, )",
        "resolved": "2.0.3",
        "contentHash": "st47PosZSHrjECdjeIzZQbzivYBJFv6P2nv4cj2ypdI204DO+vZ7l5raGMiX4eXMJ53RfOIg+/s4DHVZ54Nu2A==",
        "dependencies": {
          "Microsoft.NETCore.Platforms": "1.1.0"
        }
      },
      "ReproPackageA": {
        "type": "Direct",
        "requested": "[1.0.0, )",
        "resolved": "1.0.0",
        "contentHash": "7qMlXCm3WjajNJHZWvrFi0RwP4sq2mbAGfNJrvysZOCntveu5LWs46XDXsC21HQLcgE9DAG+YfBiZWtXUGrQcA==",
        "dependencies": {
          "ReproPackageC": "1.0.0"
        }
      },
      "ReproPackageB": {
        "type": "Direct",
        "requested": "[1.0.0, )",
        "resolved": "1.0.0",
        "contentHash": "E7AHZB4vW1RSHJO079wSZvSeOfmM5fTuO7wIsuIW50qi6jgsxJUxqtHTp8PZoOzTAfd4oM/NksmmoNr/BqgCbg==",
        "dependencies": {
          "ReproPackageC": "1.1.0"
        }
      },
      "System.Memory": {
        "type": "Direct",
        "requested": "[4.5.2, )",
        "resolved": "4.5.2",
        "contentHash": "fvq1GNmUFwbKv+aLVYYdgu/+gc8Nu9oFujOxIjPrsf+meis9JBzTPDL6aP/eeGOz9yPj6rRLUbOjKMpsMEWpNg==",
        "dependencies": {
          "System.Buffers": "4.4.0",
          "System.Numerics.Vectors": "4.4.0",
          "System.Runtime.CompilerServices.Unsafe": "4.5.2"
        }
      },
      "Microsoft.Extensions.Configuration": {
        "type": "Transitive",
        "resolved": "3.1.11",
        "contentHash": "EhuBsnUX22U5rMlRGczZIFUjSw1uonFaMChWEujjZwtgwdQblQHXoqkDGz/WBvTrOyXhM4fhttEIBuhbt40ysQ==",
        "dependencies": {
          "Microsoft.Extensions.Configuration.Abstractions": "3.1.11"
        }
      },
      "Microsoft.Extensions.Configuration.Abstractions": {
        "type": "Transitive",
        "resolved": "3.1.11",
        "contentHash": "vdGEMIhzMGPgeb4WduWqJjgWK+WpkcLwssHJ5zKHQgqAaUdwbaMzMFz8bpOPkRfzwDVPomXmZChUh4fgpuxUjQ==",
        "dependencies": {
          "Microsoft.Extensions.Primitives": "3.1.11"
        }
      },
      "Microsoft.Extensions.Primitives": {
        "type": "Transitive",
        "resolved": "3.1.11",
        "contentHash": "r85JK+201Jro6nxSjuBVbFs5FOVygDRV3rHV8pi1E+MSSRgr44FcAdxCrNX3aejBVzAyTkI4Ha8WiZ2BS47dvg==",
        "dependencies": {
          "System.Memory": "4.5.2",
          "System.Runtime.CompilerServices.Unsafe": "4.7.1"
        }
      },
      "Microsoft.NETCore.Platforms": {
        "type": "Transitive",
        "resolved": "1.1.0",
        "contentHash": "kz0PEW2lhqygehI/d6XsPCQzD7ff7gUJaVGPVETX611eadGsA3A877GdSlU0LRVMCTH/+P3o2iDTak+S08V2+A=="
      },
      "ReproPackageC": {
        "type": "Transitive",
        "resolved": "1.1.0",
        "contentHash": "ufmvJECBZXuQEjWfM/syIFDSnmgPF2LNKFe7mHd/xFUKOZU4i+249B5c0dFtR8/zIFNDz8MtHuhvq8xIaWk6Mg==",
        "dependencies": {
          "Microsoft.Extensions.Configuration": "3.1.11"
        }
      },
      "System.Buffers": {
        "type": "Transitive",
        "resolved": "4.4.0",
        "contentHash": "AwarXzzoDwX6BgrhjoJsk6tUezZEozOT5Y9QKF94Gl4JK91I4PIIBkBco9068Y9/Dra8Dkbie99kXB8+1BaYKw=="
      },
      "System.Numerics.Vectors": {
        "type": "Transitive",
        "resolved": "4.4.0",
        "contentHash": "UiLzLW+Lw6HLed1Hcg+8jSRttrbuXv7DANVj0DkL9g6EnnzbL75EB7EWsw5uRbhxd/4YdG8li5XizGWepmG3PQ=="
      },
      "System.Runtime.CompilerServices.Unsafe": {
        "type": "Transitive",
        "resolved": "4.7.1",
        "contentHash": "zOHkQmzPCn5zm/BH+cxC1XbUS3P4Yoi3xzW7eRgVpDR2tPGSzyMZ17Ig1iRkfJuY0nhxkQQde8pgePNiA7z7TQ=="
      }
    }
  }
}